{
    "_meta": {
        "hash": {
            "sha256": "410080d3b1f9e4108e4cc84ee4bd9083f34c4f7218ca91a9af476bfa26cc3b5d"
        },
        "pipfile-spec": 6,
        "requires": {
            "python_full_version": "3.10.1",
            "python_version": "3.10"
        },
        "sources": [
            {
                "name": "pypi",
                "url": "https://pypi.org/simple",
                "verify_ssl": true
            }
        ]
    },
    "default": {
        "certifi": {
            "hashes": [
                "sha256:0569859f95fc761b18b45ef421b1290a0f65f147e92a1e5eb3e635f9a5e4e66f",
                "sha256:dc383c07b76109f368f6106eee2b593b04a011ea4d55f652c6ca24a754d1cdd1"
            ],
            "markers": "python_version >= '3.6'",
            "version": "==2024.2.2"
        },
        "charset-normalizer": {
            "hashes": [
                "sha256:5a3d016c7c547f69d6f81fb0db9449ce888b418b5b9952cc5e6e66843e9dd845",
                "sha256:83e9a75d1911279afd89352c68b45348559d1fc0506b054b346651b5e7fee29f"
            ],
            "markers": "python_full_version >= '3.6.0'",
            "version": "==2.1.1"
        },
        "et-xmlfile": {
            "hashes": [
                "sha256:8eb9e2bc2f8c97e37a2dc85a09ecdcdec9d8a396530a6d5a33b30b9a92da0c5c",
                "sha256:a2ba85d1d6a74ef63837eed693bcb89c3f752169b0e3e7ae5b16ca5e1b3deada"
            ],
            "markers": "python_version >= '3.6'",
            "version": "==1.1.0"
        },
        "idna": {
            "hashes": [
                "sha256:9ecdbbd083b06798ae1e86adcbfe8ab1479cf864e4ee30fe4e46a003d12491ca",
                "sha256:c05567e9c24a6b9faaa835c4821bad0590fbb9d5779e7caa6e1cc4978e7eb24f"
            ],
            "markers": "python_version >= '3.5'",
            "version": "==3.6"
        },
        "numpy": {
            "hashes": [
                "sha256:03a8c78d01d9781b28a6989f6fa1bb2c4f2d51201cf99d3dd875df6fbd96b23b",
                "sha256:08beddf13648eb95f8d867350f6a018a4be2e5ad54c8d8caed89ebca558b2818",
                "sha256:1af303d6b2210eb850fcf03064d364652b7120803a0b872f5211f5234b399f20",
                "sha256:1dda2e7b4ec9dd512f84935c5f126c8bd8b9f2fc001e9f54af255e8c5f16b0e0",
                "sha256:2a02aba9ed12e4ac4eb3ea9421c420301a0c6460d9830d74a9df87efa4912010",
                "sha256:2e4ee3380d6de9c9ec04745830fd9e2eccb3e6cf790d39d7b98ffd19b0dd754a",
                "sha256:3373d5d70a5fe74a2c1bb6d2cfd9609ecf686d47a2d7b1d37a8f3b6bf6003aea",
                "sha256:47711010ad8555514b434df65f7d7b076bb8261df1ca9bb78f53d3b2db02e95c",
                "sha256:4c66707fabe114439db9068ee468c26bbdf909cac0fb58686a42a24de1760c71",
                "sha256:50193e430acfc1346175fcbdaa28ffec49947a06918b7b92130744e81e640110",
                "sha256:52b8b60467cd7dd1e9ed082188b4e6bb35aa5cdd01777621a1658910745b90be",
                "sha256:60dedbb91afcbfdc9bc0b1f3f402804070deed7392c23eb7a7f07fa857868e8a",
                "sha256:62b8e4b1e28009ef2846b4c7852046736bab361f7aeadeb6a5b89ebec3c7055a",
                "sha256:666dbfb6ec68962c033a450943ded891bed2d54e6755e35e5835d63f4f6931d5",
                "sha256:675d61ffbfa78604709862923189bad94014bef562cc35cf61d3a07bba02a7ed",
                "sha256:679b0076f67ecc0138fd2ede3a8fd196dddc2ad3254069bcb9faf9a79b1cebcd",
                "sha256:7349ab0fa0c429c82442a27a9673fc802ffdb7c7775fad780226cb234965e53c",
                "sha256:7ab55401287bfec946ced39700c053796e7cc0e3acbef09993a9ad2adba6ca6e",
                "sha256:7e50d0a0cc3189f9cb0aeb3a6a6af18c16f59f004b866cd2be1c14b36134a4a0",
                "sha256:95a7476c59002f2f6c590b9b7b998306fba6a5aa646b1e22ddfeaf8f78c3a29c",
                "sha256:96ff0b2ad353d8f990b63294c8986f1ec3cb19d749234014f4e7eb0112ceba5a",
                "sha256:9fad7dcb1aac3c7f0584a5a8133e3a43eeb2fe127f47e3632d43d677c66c102b",
                "sha256:9ff0f4f29c51e2803569d7a51c2304de5554655a60c5d776e35b4a41413830d0",
                "sha256:a354325ee03388678242a4d7ebcd08b5c727033fcff3b2f536aea978e15ee9e6",
                "sha256:a4abb4f9001ad2858e7ac189089c42178fcce737e4169dc61321660f1a96c7d2",
                "sha256:ab47dbe5cc8210f55aa58e4805fe224dac469cde56b9f731a4c098b91917159a",
                "sha256:afedb719a9dcfc7eaf2287b839d8198e06dcd4cb5d276a3df279231138e83d30",
                "sha256:b3ce300f3644fb06443ee2222c2201dd3a89ea6040541412b8fa189341847218",
                "sha256:b97fe8060236edf3662adfc2c633f56a08ae30560c56310562cb4f95500022d5",
                "sha256:bfe25acf8b437eb2a8b2d49d443800a5f18508cd811fea3181723922a8a82b07",
                "sha256:cd25bcecc4974d09257ffcd1f098ee778f7834c3ad767fe5db785be9a4aa9cb2",
                "sha256:d209d8969599b27ad20994c8e41936ee0964e6da07478d6c35016bc386b66ad4",
                "sha256:d5241e0a80d808d70546c697135da2c613f30e28251ff8307eb72ba696945764",
                "sha256:edd8b5fe47dab091176d21bb6de568acdd906d1887a4584a15a9a96a1dca06ef",
                "sha256:f870204a840a60da0b12273ef34f7051e98c3b5961b61b0c2c1be6dfd64fbcd3",
                "sha256:ffa75af20b44f8dba823498024771d5ac50620e6915abac414251bd971b4529f"
            ],
            "markers": "python_version >= '3.10'",
            "version": "==1.26.4"
        },
        "openpyxl": {
            "hashes": [
                "sha256:0ab6d25d01799f97a9464630abacbb34aafecdcaa0ef3cba6d6b3499867d0355",
                "sha256:e47805627aebcf860edb4edf7987b1309c1b3632f3750538ed962bbcc3bd7449"
            ],
            "index": "pypi",
            "markers": "python_version >= '3.6'",
            "version": "==3.0.10"
        },
        "pandas": {
            "hashes": [
                "sha256:0778ab54c8f399d83d98ffb674d11ec716449956bc6f6821891ab835848687f2",
                "sha256:24472cfc7ced511ac90608728b88312be56edc8f19b9ed885a7d2e47ffaf69c0",
                "sha256:2d1d138848dd71b37e3cbe7cd952ff84e2ab04d8988972166e18567dcc811245",
                "sha256:3bb9d840bf15656805f6a3d87eea9dcb7efdf1314a82adcf7f00b820427c5570",
                "sha256:425705cee8be54db2504e8dd2a730684790b15e5904b750c367611ede49098ab",
                "sha256:4f3320bb55f34af4193020158ef8118ee0fb9aec7cc47d2084dbfdd868a0a24f",
                "sha256:4ffb14f50c74ee541610668137830bb93e9dfa319b1bef2cedf2814cd5ac9c70",
                "sha256:52c858de9e9fc422d25e67e1592a6e6135d7bcf9a19fcaf4d0831a0be496bf21",
                "sha256:57c34b79c13249505e850d0377b722961b99140f81dafbe6f19ef10239f6284a",
                "sha256:6ded51f7e3dd9b4f8b87f2ceb7bd1a8df2491f7ee72f7074c6927a512607199e",
                "sha256:70db5c278bbec0306d32bf78751ff56b9594c05a5098386f6c8a563659124f91",
                "sha256:78425ca12314b23356c28b16765639db10ebb7d8983f705d6759ff7fe41357fa",
                "sha256:8318de0f886e4dcb8f9f36e45a3d6a6c3d1cfdc508354da85e739090f0222991",
                "sha256:8f987ec26e96a8490909bc5d98c514147236e49830cba7df8690f6087c12bbae",
                "sha256:9253edfd015520ce77a9343eb7097429479c039cd3ebe81d7810ea11b4b24695",
                "sha256:977326039bd1ded620001a1889e2ed4798460a6bc5a24fbaebb5f07a41c32a55",
                "sha256:a4f789b7c012a608c08cda4ff0872fd979cb18907a37982abe884e6f529b8793",
                "sha256:b3ba8f5dd470d8bfbc4259829589f4a32881151c49e36384d9eb982b35a12020",
                "sha256:b5337c87c4e963f97becb1217965b6b75c6fe5f54c4cf09b9a5ac52fc0bd03d3",
                "sha256:bbb2c5e94d6aa4e632646a3bacd05c2a871c3aa3e85c9bec9be99cb1267279f2",
                "sha256:c24c7d12d033a372a9daf9ff2c80f8b0af6f98d14664dbb0a4f6a029094928a7",
                "sha256:cda9789e61b44463c1c4fe17ef755de77bcd13b09ba31c940d20f193d63a5dc8",
                "sha256:d08e41d96bc4de6f500afe80936c68fce6099d5a434e2af7c7fd8e7c72a3265d",
                "sha256:d93b7fcfd9f3328072b250d6d001dcfeec5d3bb66c1b9c8941e109a46c0c01a8",
                "sha256:fcd471c9d9f60926ab2f15c6c29164112f458acb42280365fbefa542d0c2fc74"
            ],
            "index": "pypi",
            "markers": "python_version >= '3.8'",
            "version": "==2.0.0"
        },
        "psycopg2-binary": {
            "hashes": [
                "sha256:00475004e5ed3e3bf5e056d66e5dcdf41a0dc62efcd57997acd9135c40a08a50",
                "sha256:01ad49d68dd8c5362e4bfb4158f2896dc6e0c02e87b8a3770fc003459f1a4425",
                "sha256:024030b13bdcbd53d8a93891a2cf07719715724fc9fee40243f3bd78b4264b8f",
                "sha256:02551647542f2bf89073d129c73c05a25c372fc0a49aa50e0de65c3c143d8bd0",
                "sha256:043a9fd45a03858ff72364b4b75090679bd875ee44df9c0613dc862ca6b98460",
                "sha256:05b3d479425e047c848b9782cd7aac9c6727ce23181eb9647baf64ffdfc3da41",
                "sha256:0775d6252ccb22b15da3b5d7adbbf8cfe284916b14b6dc0ff503a23edb01ee85",
                "sha256:1764546ffeaed4f9428707be61d68972eb5ede81239b46a45843e0071104d0dd",
                "sha256:1e491e6489a6cb1d079df8eaa15957c277fdedb102b6a68cfbf40c4994412fd0",
                "sha256:212757ffcecb3e1a5338d4e6761bf9c04f750e7d027117e74aa3cd8a75bb6fbd",
                "sha256:215d6bf7e66732a514f47614f828d8c0aaac9a648c46a831955cb103473c7147",
                "sha256:25382c7d174c679ce6927c16b6fbb68b10e56ee44b1acb40671e02d29f2fce7c",
                "sha256:2abccab84d057723d2ca8f99ff7b619285d40da6814d50366f61f0fc385c3903",
                "sha256:2d964eb24c8b021623df1c93c626671420c6efadbdb8655cb2bd5e0c6fa422ba",
                "sha256:2ec46ed947801652c9643e0b1dc334cfb2781232e375ba97312c2fc256597632",
                "sha256:2ef892cabdccefe577088a79580301f09f2a713eb239f4f9f62b2b29cafb0577",
                "sha256:33e632d0885b95a8b97165899006c40e9ecdc634a529dca7b991eb7de4ece41c",
                "sha256:3520d7af1ebc838cc6084a3281145d5cd5bdd43fdef139e6db5af01b92596cb7",
                "sha256:3d790f84201c3698d1bfb404c917f36e40531577a6dda02e45ba29b64d539867",
                "sha256:3fc33295cfccad697a97a76dec3f1e94ad848b7b163c3228c1636977966b51e2",
                "sha256:422e3d43b47ac20141bc84b3d342eead8d8099a62881a501e97d15f6addabfe9",
                "sha256:426c2ae999135d64e6a18849a7d1ad0e1bd007277e4a8f4752eaa40a96b550ff",
                "sha256:46512486be6fbceef51d7660dec017394ba3e170299d1dc30928cbedebbf103a",
                "sha256:46850a640df62ae940e34a163f72e26aca1f88e2da79148e1862faaac985c302",
                "sha256:484405b883630f3e74ed32041a87456c5e0e63a8e3429aa93e8714c366d62bd1",
                "sha256:4e7904d1920c0c89105c0517dc7e3f5c20fb4e56ba9cdef13048db76947f1d79",
                "sha256:56b2957a145f816726b109ee3d4e6822c23f919a7d91af5a94593723ed667835",
                "sha256:5c6527c8efa5226a9e787507652dd5ba97b62d29b53c371a85cd13f957fe4d42",
                "sha256:5cbc554ba47ecca8cd3396ddaca85e1ecfe3e48dd57dc5e415e59551affe568e",
                "sha256:5d28ecdf191db558d0c07d0f16524ee9d67896edf2b7990eea800abeb23ebd61",
                "sha256:5fc447058d083b8c6ac076fc26b446d44f0145308465d745fba93a28c14c9e32",
                "sha256:63e318dbe52709ed10d516a356f22a635e07a2e34c68145484ed96a19b0c4c68",
                "sha256:68d81a2fe184030aa0c5c11e518292e15d342a667184d91e30644c9d533e53e1",
                "sha256:6e63814ec71db9bdb42905c925639f319c80e7909fb76c3b84edc79dadef8d60",
                "sha256:6f8a9bcab7b6db2e3dbf65b214dfc795b4c6b3bb3af922901b6a67f7cb47d5f8",
                "sha256:70831e03bd53702c941da1a1ad36c17d825a24fbb26857b40913d58df82ec18b",
                "sha256:74eddec4537ab1f701a1647214734bc52cee2794df748f6ae5908e00771f180a",
                "sha256:7b3751857da3e224f5629400736a7b11e940b5da5f95fa631d86219a1beaafec",
                "sha256:7cf1d44e710ca3a9ce952bda2855830fe9f9017ed6259e01fcd71ea6287565f5",
                "sha256:7d07f552d1e412f4b4e64ce386d4c777a41da3b33f7098b6219012ba534fb2c2",
                "sha256:7d88db096fa19d94f433420eaaf9f3c45382da2dd014b93e4bf3215639047c16",
                "sha256:7ee3095d02d6f38bd7d9a5358fcc9ea78fcdb7176921528dd709cc63f40184f5",
                "sha256:902844f9c4fb19b17dfa84d9e2ca053d4a4ba265723d62ea5c9c26b38e0aa1e6",
                "sha256:937880290775033a743f4836aa253087b85e62784b63fd099ee725d567a48aa1",
                "sha256:95076399ec3b27a8f7fa1cc9a83417b1c920d55cf7a97f718a94efbb96c7f503",
                "sha256:9c38d3869238e9d3409239bc05bc27d6b7c99c2a460ea337d2814b35fb4fea1b",
                "sha256:9e32cedc389bcb76d9f24ea8a012b3cb8385ee362ea437e1d012ffaed106c17d",
                "sha256:9ffdc51001136b699f9563b1c74cc1f8c07f66ef7219beb6417a4c8aaa896c28",
                "sha256:a0adef094c49f242122bb145c3c8af442070dc0e4312db17e49058c1702606d4",
                "sha256:a36a0e791805aa136e9cbd0ffa040d09adec8610453ee8a753f23481a0057af5",
                "sha256:a7e518a0911c50f60313cb9e74a169a65b5d293770db4770ebf004245f24b5c5",
                "sha256:af0516e1711995cb08dc19bbd05bec7dbdebf4185f68870595156718d237df3e",
                "sha256:b8104f709590fff72af801e916817560dbe1698028cd0afe5a52d75ceb1fce5f",
                "sha256:b911dfb727e247340d36ae20c4b9259e4a64013ab9888ccb3cbba69b77fd9636",
                "sha256:b9a794cef1d9c1772b94a72eec6da144c18e18041d294a9ab47669bc77a80c1d",
                "sha256:b9c33d4aef08dfecbd1736ceab8b7b3c4358bf10a0121483e5cd60d3d308cc64",
                "sha256:b9d38a4656e4e715d637abdf7296e98d6267df0cc0a8e9a016f8ba07e4aa3eeb",
                "sha256:bcda1c84a1c533c528356da5490d464a139b6e84eb77cc0b432e38c5c6dd7882",
                "sha256:bef7e3f9dc6f0c13afdd671008534be5744e0e682fb851584c8c3a025ec09720",
                "sha256:c15ba5982c177bc4b23a7940c7e4394197e2d6a424a2d282e7c236b66da6d896",
                "sha256:c5254cbd4f4855e11cebf678c1a848a3042d455a22a4ce61349c36aafd4c2267",
                "sha256:c5682a45df7d9642eff590abc73157c887a68f016df0a8ad722dcc0f888f56d7",
                "sha256:c5e65c6ac0ae4bf5bef1667029f81010b6017795dcb817ba5c7b8a8d61fab76f",
                "sha256:d4c7b3a31502184e856df1f7bbb2c3735a05a8ce0ade34c5277e1577738a5c91",
                "sha256:d892bfa1d023c3781a3cab8dd5af76b626c483484d782e8bd047c180db590e4c",
                "sha256:dbc332beaf8492b5731229a881807cd7b91b50dbbbaf7fe2faf46942eda64a24",
                "sha256:dc85b3777068ed30aff8242be2813038a929f2084f69e43ef869daddae50f6ee",
                "sha256:e59137cdb970249ae60be2a49774c6dfb015bd0403f05af1fe61862e9626642d",
                "sha256:e67b3c26e9b6d37b370c83aa790bbc121775c57bfb096c2e77eacca25fd0233b",
                "sha256:e72c91bda9880f097c8aa3601a2c0de6c708763ba8128006151f496ca9065935",
                "sha256:f95b8aca2703d6a30249f83f4fe6a9abf2e627aa892a5caaab2267d56be7ab69"
            ],
            "index": "pypi",
            "markers": "python_version >= '3.6'",
            "version": "==2.9.5"
        },
        "python-dateutil": {
            "hashes": [
                "sha256:0123cacc1627ae19ddf3c27a5de5bd67ee4586fbdd6440d9748f8abb483d3e86",
                "sha256:961d03dc3453ebbc59dbdea9e4e11c5651520a876d0f4db161e8674aae935da9"
            ],
            "markers": "python_version >= '2.7' and python_version not in '3.0, 3.1, 3.2, 3.3'",
            "version": "==2.8.2"
        },
        "python-dotenv": {
            "hashes": [
                "sha256:e324ee90a023d808f1959c46bcbc04446a10ced277783dc6ee09987c37ec10ca",
                "sha256:f7b63ef50f1b690dddf550d03497b66d609393b40b564ed0d674909a68ebf16a"
            ],
            "index": "pypi",
            "markers": "python_version >= '3.8'",
            "version": "==1.0.1"
        },
        "pytz": {
            "hashes": [
                "sha256:2a29735ea9c18baf14b448846bde5a48030ed267578472d8955cd0e7443a9812",
                "sha256:328171f4e3623139da4983451950b28e95ac706e13f3f2630a879749e7a8b319"
            ],
            "version": "==2024.1"
        },
        "requests": {
            "hashes": [
                "sha256:7c5599b102feddaa661c826c56ab4fee28bfd17f5abca1ebbe3e7f19d7c97983",
                "sha256:8fefa2a1a1365bf5520aac41836fbee479da67864514bdb821f31ce07ce65349"
            ],
            "index": "pypi",
            "markers": "python_version >= '3.7' and python_version < '4'",
            "version": "==2.28.1"
        },
        "six": {
            "hashes": [
                "sha256:1e61c37477a1626458e36f7b1d82aa5c9b094fa4802892072e49de9c60c4c926",
                "sha256:8abb2f1d86890a2dfb989f9a77cfcfd3e47c2a354b01111771326f8aa26e0254"
            ],
            "markers": "python_version >= '2.7' and python_version not in '3.0, 3.1, 3.2, 3.3'",
            "version": "==1.16.0"
        },
        "sqlalchemy": {
            "hashes": [
                "sha256:0d3cab3076af2e4aa5693f89622bef7fa770c6fec967143e4da7508b3dceb9b9",
                "sha256:0dacf67aee53b16f365c589ce72e766efaabd2b145f9de7c917777b575e3659d",
                "sha256:10331f129982a19df4284ceac6fe87353ca3ca6b4ca77ff7d697209ae0a5915e",
                "sha256:14a6f68e8fc96e5e8f5647ef6cda6250c780612a573d99e4d881581432ef1669",
                "sha256:1b1180cda6df7af84fe72e4530f192231b1f29a7496951db4ff38dac1687202d",
                "sha256:29049e2c299b5ace92cbed0c1610a7a236f3baf4c6b66eb9547c01179f638ec5",
                "sha256:342d365988ba88ada8af320d43df4e0b13a694dbd75951f537b2d5e4cb5cd002",
                "sha256:420362338681eec03f53467804541a854617faed7272fe71a1bfdb07336a381e",
                "sha256:4344d059265cc8b1b1be351bfb88749294b87a8b2bbe21dfbe066c4199541ebd",
                "sha256:4f7a7d7fcc675d3d85fbf3b3828ecd5990b8d61bd6de3f1b260080b3beccf215",
                "sha256:555651adbb503ac7f4cb35834c5e4ae0819aab2cd24857a123370764dc7d7e24",
                "sha256:59a21853f5daeb50412d459cfb13cb82c089ad4c04ec208cd14dddd99fc23b39",
                "sha256:5fdd402169aa00df3142149940b3bf9ce7dde075928c1886d9a1df63d4b8de62",
                "sha256:605b6b059f4b57b277f75ace81cc5bc6335efcbcc4ccb9066695e515dbdb3900",
                "sha256:665f0a3954635b5b777a55111ababf44b4fc12b1f3ba0a435b602b6387ffd7cf",
                "sha256:6f9e2e59cbcc6ba1488404aad43de005d05ca56e069477b33ff74e91b6319735",
                "sha256:736ea78cd06de6c21ecba7416499e7236a22374561493b456a1f7ffbe3f6cdb4",
                "sha256:74b080c897563f81062b74e44f5a72fa44c2b373741a9ade701d5f789a10ba23",
                "sha256:75432b5b14dc2fff43c50435e248b45c7cdadef73388e5610852b95280ffd0e9",
                "sha256:75f99202324383d613ddd1f7455ac908dca9c2dd729ec8584c9541dd41822a2c",
                "sha256:790f533fa5c8901a62b6fef5811d48980adeb2f51f1290ade8b5e7ba990ba3de",
                "sha256:798f717ae7c806d67145f6ae94dc7c342d3222d3b9a311a784f371a4333212c7",
                "sha256:7c88f0c7dcc5f99bdb34b4fd9b69b93c89f893f454f40219fe923a3a2fd11625",
                "sha256:7d505815ac340568fd03f719446a589162d55c52f08abd77ba8964fbb7eb5b5f",
                "sha256:84daa0a2055df9ca0f148a64fdde12ac635e30edbca80e87df9b3aaf419e144a",
                "sha256:87d91043ea0dc65ee583026cb18e1b458d8ec5fc0a93637126b5fc0bc3ea68c4",
                "sha256:87f6e732bccd7dcf1741c00f1ecf33797383128bd1c90144ac8adc02cbb98643",
                "sha256:884272dcd3ad97f47702965a0e902b540541890f468d24bd1d98bcfe41c3f018",
                "sha256:8b8cb63d3ea63b29074dcd29da4dc6a97ad1349151f2d2949495418fd6e48db9",
                "sha256:91f7d9d1c4dd1f4f6e092874c128c11165eafcf7c963128f79e28f8445de82d5",
                "sha256:a2c69a7664fb2d54b8682dd774c3b54f67f84fa123cf84dda2a5f40dcaa04e08",
                "sha256:a3be4987e3ee9d9a380b66393b77a4cd6d742480c951a1c56a23c335caca4ce3",
                "sha256:a86b4240e67d4753dc3092d9511886795b3c2852abe599cffe108952f7af7ac3",
                "sha256:aa9373708763ef46782d10e950b49d0235bfe58facebd76917d3f5cbf5971aed",
                "sha256:b64b183d610b424a160b0d4d880995e935208fc043d0302dd29fee32d1ee3f95",
                "sha256:b801154027107461ee992ff4b5c09aa7cc6ec91ddfe50d02bca344918c3265c6",
                "sha256:bb209a73b8307f8fe4fe46f6ad5979649be01607f11af1eb94aa9e8a3aaf77f0",
                "sha256:bc8b7dabe8e67c4832891a5d322cec6d44ef02f432b4588390017f5cec186a84",
                "sha256:c51db269513917394faec5e5c00d6f83829742ba62e2ac4fa5c98d58be91662f",
                "sha256:c55731c116806836a5d678a70c84cb13f2cedba920212ba7dcad53260997666d",
                "sha256:cf18ff7fc9941b8fc23437cc3e68ed4ebeff3599eec6ef5eebf305f3d2e9a7c2",
                "sha256:d24f571990c05f6b36a396218f251f3e0dda916e0c687ef6fdca5072743208f5",
                "sha256:db854730a25db7c956423bb9fb4bdd1216c839a689bf9cc15fada0a7fb2f4570",
                "sha256:dc55990143cbd853a5d038c05e79284baedf3e299661389654551bd02a6a68d7",
                "sha256:e607cdd99cbf9bb80391f54446b86e16eea6ad309361942bf88318bcd452363c",
                "sha256:ecf6d4cda1f9f6cb0b45803a01ea7f034e2f1aed9475e883410812d9f9e3cfcf",
                "sha256:f2a159111a0f58fb034c93eeba211b4141137ec4b0a6e75789ab7a3ef3c7e7e3",
                "sha256:f37c0caf14b9e9b9e8f6dbc81bc56db06acb4363eba5a633167781a48ef036ed",
                "sha256:f5693145220517b5f42393e07a6898acdfe820e136c98663b971906120549da5"
            ],
            "index": "pypi",
            "markers": "python_version >= '3.7'",
            "version": "==2.0.25"
        },
        "structlog": {
            "hashes": [
                "sha256:3f6efe7d25fab6e86f277713c218044669906537bb717c1807a09d46bca0714d",
                "sha256:41a09886e4d55df25bdcb9b5c9674bccfab723ff43e0a86a1b7b236be8e57b16"
            ],
            "index": "pypi",
            "markers": "python_version >= '3.8'",
            "version": "==24.1.0"
        },
        "typing-extensions": {
            "hashes": [
                "sha256:23478f88c37f27d76ac8aee6c905017a143b0b1b886c3c9f66bc2fd94f9f5783",
                "sha256:af72aea155e91adfc61c3ae9e0e342dbc0cba726d6cba4b6c72c1f34e47291cd"
            ],
            "markers": "python_version >= '3.8'",
            "version": "==4.9.0"
        },
        "tzdata": {
            "hashes": [
                "sha256:2674120f8d891909751c38abcdfd386ac0a5a1127954fbc332af6b5ceae07efd",
                "sha256:9068bc196136463f5245e51efda838afa15aaeca9903f49050dfa2679db4d252"
            ],
            "markers": "python_version >= '2'",
            "version": "==2024.1"
        },
        "urllib3": {
            "hashes": [
                "sha256:34b97092d7e0a3a8cf7cd10e386f401b3737364026c45e622aa02903dffe0f07",
                "sha256:f8ecc1bba5667413457c529ab955bf8c67b45db799d159066261719e328580a0"
            ],
            "markers": "python_version >= '2.7' and python_version not in '3.0, 3.1, 3.2, 3.3, 3.4, 3.5'",
            "version": "==1.26.18"
        }
    },
    "develop": {}
}
